
Microsoft Visual Studio Solution File, Format Version 12.00
# Visual Studio Version 17
VisualStudioVersion = 17.9.34607.119
MinimumVisualStudioVersion = 10.0.40219.1
Project("{FAE04EC0-301F-11D3-BF4B-00C04F79EFBC}") = "lesson 16", "lesson 16\lesson 16.csproj", "{36D24C18-1C94-486E-AA63-3483895DA96F}"
EndProject
Global
	GlobalSection(SolutionConfigurationPlatforms) = preSolution
		Debug|Any CPU = Debug|Any CPU
		Release|Any CPU = Release|Any CPU
	EndGlobalSection
	GlobalSection(ProjectConfigurationPlatforms) = postSolution
		{36D24C18-1C94-486E-AA63-3483895DA96F}.Debug|Any CPU.ActiveCfg = Debug|Any CPU
		{36D24C18-1C94-486E-AA63-3483895DA96F}.Debug|Any CPU.Build.0 = Debug|Any CPU
		{36D24C18-1C94-486E-AA63-3483895DA96F}.Release|Any CPU.ActiveCfg = Release|Any CPU
		{36D24C18-1C94-486E-AA63-3483895DA96F}.Release|Any CPU.Build.0 = Release|Any CPU
	EndGlobalSection
	GlobalSection(SolutionProperties) = preSolution
		HideSolutionNode = FALSE
	EndGlobalSection
	GlobalSection(ExtensibilityGlobals) = postSolution
		SolutionGuid = {4BA012E5-CA47-4B21-B838-50CF68CE5EB9}
	EndGlobalSection
EndGlobal
